// !$*UTF8*$!
{
	archiveVersion = 1;
	classes = {
	};
	objectVersion = 51;
	objects = {

/* Begin PBXBuildFile section */
		058557BB273AAA24004C7B11 /* Assets.xcassets in Resources */ = {isa = PBXBuildFile; fileRef = 058557BA273AAA24004C7B11 /* Assets.xcassets */; };
		058557D9273AAEEB004C7B11 /* Preview Assets.xcassets in Resources */ = {isa = PBXBuildFile; fileRef = 058557D8273AAEEB004C7B11 /* Preview Assets.xcassets */; };
		2152FB042600AC8F00CF470E /* iOSApp.swift in Sources */ = {isa = PBXBuildFile; fileRef = 2152FB032600AC8F00CF470E /* iOSApp.swift */; };
		7591232B454109175C2646DC /* Pods_iosApp.framework in Frameworks */ = {isa = PBXBuildFile; fileRef = C2C3D1E238EE0D2466176D0E /* Pods_iosApp.framework */; };
		CE0647E52A1E47DC002B306F /* BottomNavTab.swift in Sources */ = {isa = PBXBuildFile; fileRef = CE0647E42A1E47DC002B306F /* BottomNavTab.swift */; };
		CE0647E72A1E486D002B306F /* NavigationViewState.swift in Sources */ = {isa = PBXBuildFile; fileRef = CE0647E62A1E486D002B306F /* NavigationViewState.swift */; };
		CE0647E92A1E4DA8002B306F /* BottomNavContainer.swift in Sources */ = {isa = PBXBuildFile; fileRef = CE0647E82A1E4DA8002B306F /* BottomNavContainer.swift */; };
		CE0647EB2A1E4DC7002B306F /* CustomTabView.swift in Sources */ = {isa = PBXBuildFile; fileRef = CE0647EA2A1E4DC7002B306F /* CustomTabView.swift */; };
		CE0647ED2A1E4E94002B306F /* BottomNavTabItem.swift in Sources */ = {isa = PBXBuildFile; fileRef = CE0647EC2A1E4E94002B306F /* BottomNavTabItem.swift */; };
		CE0647F32A1E5110002B306F /* BottomNavModifier.swift in Sources */ = {isa = PBXBuildFile; fileRef = CE0647F22A1E5110002B306F /* BottomNavModifier.swift */; };
		CE0647F92A1E766A002B306F /* AppState.swift in Sources */ = {isa = PBXBuildFile; fileRef = CE0647F82A1E766A002B306F /* AppState.swift */; };
		CE317CC62A1F8FDF00BC018B /* ScrollViewOffsetReader.swift in Sources */ = {isa = PBXBuildFile; fileRef = CE317CC52A1F8FDF00BC018B /* ScrollViewOffsetReader.swift */; };
		CE317D932A210DDD00BC018B /* CustomScrollViewTest.swift in Sources */ = {isa = PBXBuildFile; fileRef = CE317D922A210DDD00BC018B /* CustomScrollViewTest.swift */; };
		CE317D962A21547400BC018B /* MapDealersScrollView.swift in Sources */ = {isa = PBXBuildFile; fileRef = CE317D952A21547400BC018B /* MapDealersScrollView.swift */; };
		CE317DB02A21693000BC018B /* ScrollTest.swift in Sources */ = {isa = PBXBuildFile; fileRef = CE317DAF2A21693000BC018B /* ScrollTest.swift */; };
		CE317DC72A2216C200BC018B /* UiScrollViewTest.swift in Sources */ = {isa = PBXBuildFile; fileRef = CE317DC62A2216C200BC018B /* UiScrollViewTest.swift */; };
		CE317DC92A22660800BC018B /* MapUiScrollView.swift in Sources */ = {isa = PBXBuildFile; fileRef = CE317DC82A22660800BC018B /* MapUiScrollView.swift */; };
		CE317DCB2A227B4200BC018B /* MapEventsScrollView.swift in Sources */ = {isa = PBXBuildFile; fileRef = CE317DCA2A227B4200BC018B /* MapEventsScrollView.swift */; };
		CE451CE2297AD2A3004761B2 /* BottomSheetViewModel.swift in Sources */ = {isa = PBXBuildFile; fileRef = CE451CE1297AD2A3004761B2 /* BottomSheetViewModel.swift */; };
		CE481B072A07EA9200F59619 /* ImageCarousel.swift in Sources */ = {isa = PBXBuildFile; fileRef = CE481B062A07EA9200F59619 /* ImageCarousel.swift */; };
		CE481B092A080F9C00F59619 /* TabViewAccessor.swift in Sources */ = {isa = PBXBuildFile; fileRef = CE481B082A080F9C00F59619 /* TabViewAccessor.swift */; };
		CE481B0B2A0A6E6200F59619 /* SortingSheet.swift in Sources */ = {isa = PBXBuildFile; fileRef = CE481B0A2A0A6E6200F59619 /* SortingSheet.swift */; };
		CE481B0E2A0A8D5800F59619 /* GlobalPopup.swift in Sources */ = {isa = PBXBuildFile; fileRef = CE481B0D2A0A8D5800F59619 /* GlobalPopup.swift */; };
		CE481B102A0A946200F59619 /* GlobalSlider.swift in Sources */ = {isa = PBXBuildFile; fileRef = CE481B0F2A0A946200F59619 /* GlobalSlider.swift */; };
		CE6B660D2979A97700F600F7 /* HomeScreen.swift in Sources */ = {isa = PBXBuildFile; fileRef = CE6B660C2979A97700F600F7 /* HomeScreen.swift */; };
		CE6B66132979B52C00F600F7 /* AroundLocationScreen.swift in Sources */ = {isa = PBXBuildFile; fileRef = CE6B66122979B52C00F600F7 /* AroundLocationScreen.swift */; };
		CE6B66152979B55500F600F7 /* MoreScreen.swift in Sources */ = {isa = PBXBuildFile; fileRef = CE6B66142979B55500F600F7 /* MoreScreen.swift */; };
		CE6B66172979B56800F600F7 /* PartnersScreen.swift in Sources */ = {isa = PBXBuildFile; fileRef = CE6B66162979B56800F600F7 /* PartnersScreen.swift */; };
		CE725DB72982A1B10088AC04 /* DealerFilterScreen.swift in Sources */ = {isa = PBXBuildFile; fileRef = CE725DB62982A1B10088AC04 /* DealerFilterScreen.swift */; };
		CE725DB92982A3B30088AC04 /* BottomSheetController.swift in Sources */ = {isa = PBXBuildFile; fileRef = CE725DB82982A3B30088AC04 /* BottomSheetController.swift */; };
		CE72DD0229F6AF4E005F118E /* AppButton.swift in Sources */ = {isa = PBXBuildFile; fileRef = CE72DD0129F6AF4E005F118E /* AppButton.swift */; };
		CE72DD0429F7E734005F118E /* SizePreferenceKey.swift in Sources */ = {isa = PBXBuildFile; fileRef = CE72DD0329F7E734005F118E /* SizePreferenceKey.swift */; };
		CE72DD0629F8370F005F118E /* EmailController.swift in Sources */ = {isa = PBXBuildFile; fileRef = CE72DD0529F8370F005F118E /* EmailController.swift */; };
		CE72DD0829F92E94005F118E /* CheckboxStyle.swift in Sources */ = {isa = PBXBuildFile; fileRef = CE72DD0729F92E94005F118E /* CheckboxStyle.swift */; };
		CE72DD0A29F937BC005F118E /* HistoricSearchList.swift in Sources */ = {isa = PBXBuildFile; fileRef = CE72DD0929F937BC005F118E /* HistoricSearchList.swift */; };
		CE72DD0C29F93FA2005F118E /* FilterViewModel.swift in Sources */ = {isa = PBXBuildFile; fileRef = CE72DD0B29F93FA2005F118E /* FilterViewModel.swift */; };
		CE72DD1129FAD05E005F118E /* SplashScreenViewModel.swift in Sources */ = {isa = PBXBuildFile; fileRef = CE72DD1029FAD05E005F118E /* SplashScreenViewModel.swift */; };
		CE72DD1329FC2029005F118E /* RadioGroup.swift in Sources */ = {isa = PBXBuildFile; fileRef = CE72DD1229FC2029005F118E /* RadioGroup.swift */; };
		CE72DD1529FC48D7005F118E /* AppTextField.swift in Sources */ = {isa = PBXBuildFile; fileRef = CE72DD1429FC48D7005F118E /* AppTextField.swift */; };
		CE72DD1729FF2003005F118E /* MaterialTextField.swift in Sources */ = {isa = PBXBuildFile; fileRef = CE72DD1629FF2003005F118E /* MaterialTextField.swift */; };
		CE72DD1929FF220F005F118E /* EventFilterScreen.swift in Sources */ = {isa = PBXBuildFile; fileRef = CE72DD1829FF220F005F118E /* EventFilterScreen.swift */; };
		CE72DD1B29FF226A005F118E /* EventFilterViewModel.swift in Sources */ = {isa = PBXBuildFile; fileRef = CE72DD1A29FF226A005F118E /* EventFilterViewModel.swift */; };
		CE72DD212A0139D6005F118E /* MylocationMap.swift in Sources */ = {isa = PBXBuildFile; fileRef = CE72DD202A0139D6005F118E /* MylocationMap.swift */; };
		CE72DD232A027F2F005F118E /* LocationInitializer.swift in Sources */ = {isa = PBXBuildFile; fileRef = CE72DD222A027F2F005F118E /* LocationInitializer.swift */; };
		CE72DD252A02E3AB005F118E /* NetworkMonitor.swift in Sources */ = {isa = PBXBuildFile; fileRef = CE72DD242A02E3AB005F118E /* NetworkMonitor.swift */; };
		CE7818C82912D600009C4032 /* MainMapViewModel.swift in Sources */ = {isa = PBXBuildFile; fileRef = CE7818C72912D600009C4032 /* MainMapViewModel.swift */; };
		CE7818CA2912D61C009C4032 /* MainMapScreen.swift in Sources */ = {isa = PBXBuildFile; fileRef = CE7818C92912D61C009C4032 /* MainMapScreen.swift */; };
		CEDCEA292A1579C9001F89F6 /* LoadingBox.swift in Sources */ = {isa = PBXBuildFile; fileRef = CEDCEA282A1579C9001F89F6 /* LoadingBox.swift */; };
		CEDCEA2B2A1822EF001F89F6 /* CheckBoxAppStyle.swift in Sources */ = {isa = PBXBuildFile; fileRef = CEDCEA2A2A1822EF001F89F6 /* CheckBoxAppStyle.swift */; };
		CEDCEA2D2A18277F001F89F6 /* FilterButtonStyle.swift in Sources */ = {isa = PBXBuildFile; fileRef = CEDCEA2C2A18277F001F89F6 /* FilterButtonStyle.swift */; };
		CEE0920929E8674000E44D02 /* CheckListsViewModel.swift in Sources */ = {isa = PBXBuildFile; fileRef = CEE0920829E8674000E44D02 /* CheckListsViewModel.swift */; };
		CEE0920B29E86C7300E44D02 /* CheckListScreen.swift in Sources */ = {isa = PBXBuildFile; fileRef = CEE0920A29E86C7300E44D02 /* CheckListScreen.swift */; };
		CEE0920D29E8711000E44D02 /* MyLocationMapScreen.swift in Sources */ = {isa = PBXBuildFile; fileRef = CEE0920C29E8711000E44D02 /* MyLocationMapScreen.swift */; };
		CEE0920F29E8717E00E44D02 /* AppSettingScreen.swift in Sources */ = {isa = PBXBuildFile; fileRef = CEE0920E29E8717E00E44D02 /* AppSettingScreen.swift */; };
		CEE0921129E8720400E44D02 /* PartnersDetailsScreen.swift in Sources */ = {isa = PBXBuildFile; fileRef = CEE0921029E8720400E44D02 /* PartnersDetailsScreen.swift */; };
		CEE0921429E8722400E44D02 /* DealerDetailsScreen.swift in Sources */ = {isa = PBXBuildFile; fileRef = CEE0921329E8722400E44D02 /* DealerDetailsScreen.swift */; };
		CEE0921729E8725200E44D02 /* EventDetailsScreen.swift in Sources */ = {isa = PBXBuildFile; fileRef = CEE0921629E8725200E44D02 /* EventDetailsScreen.swift */; };
		CEE0921929E8946000E44D02 /* MyLocationMapViewModel.swift in Sources */ = {isa = PBXBuildFile; fileRef = CEE0921829E8946000E44D02 /* MyLocationMapViewModel.swift */; };
		CEE0921B29E96AFB00E44D02 /* PartnersViewModel.swift in Sources */ = {isa = PBXBuildFile; fileRef = CEE0921A29E96AFB00E44D02 /* PartnersViewModel.swift */; };
		CEE0921D29E96C1700E44D02 /* CheckListDetailsViewModel.swift in Sources */ = {isa = PBXBuildFile; fileRef = CEE0921C29E96C1700E44D02 /* CheckListDetailsViewModel.swift */; };
		CEE0921F29E96C5600E44D02 /* CheckListDetailsScreen.swift in Sources */ = {isa = PBXBuildFile; fileRef = CEE0921E29E96C5600E44D02 /* CheckListDetailsScreen.swift */; };
		CEE0922129E9704200E44D02 /* AroundLocationViewModel.swift in Sources */ = {isa = PBXBuildFile; fileRef = CEE0922029E9704200E44D02 /* AroundLocationViewModel.swift */; };
		CEE0922429E9AFA300E44D02 /* Strings.swift in Sources */ = {isa = PBXBuildFile; fileRef = CEE0922329E9AFA300E44D02 /* Strings.swift */; };
		CEE0922729E9B08400E44D02 /* Localizable.strings in Resources */ = {isa = PBXBuildFile; fileRef = CEE0922929E9B08400E44D02 /* Localizable.strings */; };
		CEE0923329E9C5D300E44D02 /* Extension.swift in Sources */ = {isa = PBXBuildFile; fileRef = CEE0923229E9C5D300E44D02 /* Extension.swift */; };
		CEE0923529EB2D9700E44D02 /* UrlImage.swift in Sources */ = {isa = PBXBuildFile; fileRef = CEE0923429EB2D9700E44D02 /* UrlImage.swift */; };
		CEE0923729EC1DF300E44D02 /* MainMap.swift in Sources */ = {isa = PBXBuildFile; fileRef = CEE0923629EC1DF300E44D02 /* MainMap.swift */; };
		CEE0923929EC247300E44D02 /* MapSettings.swift in Sources */ = {isa = PBXBuildFile; fileRef = CEE0923829EC247300E44D02 /* MapSettings.swift */; };
		CEE0923B29EDA52100E44D02 /* MarkerAnnotation.swift in Sources */ = {isa = PBXBuildFile; fileRef = CEE0923A29EDA52100E44D02 /* MarkerAnnotation.swift */; };
		CEE0924129F1543B00E44D02 /* Dropdown.swift in Sources */ = {isa = PBXBuildFile; fileRef = CEE0924029F1543B00E44D02 /* Dropdown.swift */; };
/* End PBXBuildFile section */

/* Begin PBXFileReference section */
		058557BA273AAA24004C7B11 /* Assets.xcassets */ = {isa = PBXFileReference; lastKnownFileType = folder.assetcatalog; path = Assets.xcassets; sourceTree = "<group>"; };
		058557D8273AAEEB004C7B11 /* Preview Assets.xcassets */ = {isa = PBXFileReference; lastKnownFileType = folder.assetcatalog; path = "Preview Assets.xcassets"; sourceTree = "<group>"; };
		2152FB032600AC8F00CF470E /* iOSApp.swift */ = {isa = PBXFileReference; lastKnownFileType = sourcecode.swift; path = iOSApp.swift; sourceTree = "<group>"; };
		5B63BD1645D74A946EFAF53D /* Pods-iosApp.release.xcconfig */ = {isa = PBXFileReference; includeInIndex = 1; lastKnownFileType = text.xcconfig; name = "Pods-iosApp.release.xcconfig"; path = "Target Support Files/Pods-iosApp/Pods-iosApp.release.xcconfig"; sourceTree = "<group>"; };
		7555FF7B242A565900829871 /* camperpro.app */ = {isa = PBXFileReference; explicitFileType = wrapper.application; includeInIndex = 0; path = camperpro.app; sourceTree = BUILT_PRODUCTS_DIR; };
		7555FF8C242A565B00829871 /* Info.plist */ = {isa = PBXFileReference; lastKnownFileType = text.plist.xml; path = Info.plist; sourceTree = "<group>"; };
		AEDEA92E7BA4EFE38251C119 /* Pods-iosApp.debug.xcconfig */ = {isa = PBXFileReference; includeInIndex = 1; lastKnownFileType = text.xcconfig; name = "Pods-iosApp.debug.xcconfig"; path = "Target Support Files/Pods-iosApp/Pods-iosApp.debug.xcconfig"; sourceTree = "<group>"; };
		C2C3D1E238EE0D2466176D0E /* Pods_iosApp.framework */ = {isa = PBXFileReference; explicitFileType = wrapper.framework; includeInIndex = 0; path = Pods_iosApp.framework; sourceTree = BUILT_PRODUCTS_DIR; };
		CE0647E42A1E47DC002B306F /* BottomNavTab.swift */ = {isa = PBXFileReference; lastKnownFileType = sourcecode.swift; path = BottomNavTab.swift; sourceTree = "<group>"; };
		CE0647E62A1E486D002B306F /* NavigationViewState.swift */ = {isa = PBXFileReference; lastKnownFileType = sourcecode.swift; path = NavigationViewState.swift; sourceTree = "<group>"; };
		CE0647E82A1E4DA8002B306F /* BottomNavContainer.swift */ = {isa = PBXFileReference; lastKnownFileType = sourcecode.swift; path = BottomNavContainer.swift; sourceTree = "<group>"; };
		CE0647EA2A1E4DC7002B306F /* CustomTabView.swift */ = {isa = PBXFileReference; lastKnownFileType = sourcecode.swift; path = CustomTabView.swift; sourceTree = "<group>"; };
		CE0647EC2A1E4E94002B306F /* BottomNavTabItem.swift */ = {isa = PBXFileReference; lastKnownFileType = sourcecode.swift; path = BottomNavTabItem.swift; sourceTree = "<group>"; };
		CE0647F22A1E5110002B306F /* BottomNavModifier.swift */ = {isa = PBXFileReference; lastKnownFileType = sourcecode.swift; path = BottomNavModifier.swift; sourceTree = "<group>"; };
		CE0647F82A1E766A002B306F /* AppState.swift */ = {isa = PBXFileReference; lastKnownFileType = sourcecode.swift; path = AppState.swift; sourceTree = "<group>"; };
		CE317CC52A1F8FDF00BC018B /* ScrollViewOffsetReader.swift */ = {isa = PBXFileReference; lastKnownFileType = sourcecode.swift; path = ScrollViewOffsetReader.swift; sourceTree = "<group>"; };
		CE317D922A210DDD00BC018B /* CustomScrollViewTest.swift */ = {isa = PBXFileReference; lastKnownFileType = sourcecode.swift; path = CustomScrollViewTest.swift; sourceTree = "<group>"; };
		CE317D952A21547400BC018B /* MapDealersScrollView.swift */ = {isa = PBXFileReference; lastKnownFileType = sourcecode.swift; path = MapDealersScrollView.swift; sourceTree = "<group>"; };
		CE317DAF2A21693000BC018B /* ScrollTest.swift */ = {isa = PBXFileReference; lastKnownFileType = sourcecode.swift; path = ScrollTest.swift; sourceTree = "<group>"; };
		CE317DC62A2216C200BC018B /* UiScrollViewTest.swift */ = {isa = PBXFileReference; lastKnownFileType = sourcecode.swift; path = UiScrollViewTest.swift; sourceTree = "<group>"; };
		CE317DC82A22660800BC018B /* MapUiScrollView.swift */ = {isa = PBXFileReference; lastKnownFileType = sourcecode.swift; path = MapUiScrollView.swift; sourceTree = "<group>"; };
		CE317DCA2A227B4200BC018B /* MapEventsScrollView.swift */ = {isa = PBXFileReference; lastKnownFileType = sourcecode.swift; path = MapEventsScrollView.swift; sourceTree = "<group>"; };
		CE451CE1297AD2A3004761B2 /* BottomSheetViewModel.swift */ = {isa = PBXFileReference; lastKnownFileType = sourcecode.swift; path = BottomSheetViewModel.swift; sourceTree = "<group>"; };
		CE481B062A07EA9200F59619 /* ImageCarousel.swift */ = {isa = PBXFileReference; lastKnownFileType = sourcecode.swift; path = ImageCarousel.swift; sourceTree = "<group>"; };
		CE481B082A080F9C00F59619 /* TabViewAccessor.swift */ = {isa = PBXFileReference; lastKnownFileType = sourcecode.swift; path = TabViewAccessor.swift; sourceTree = "<group>"; };
		CE481B0A2A0A6E6200F59619 /* SortingSheet.swift */ = {isa = PBXFileReference; lastKnownFileType = sourcecode.swift; path = SortingSheet.swift; sourceTree = "<group>"; };
		CE481B0D2A0A8D5800F59619 /* GlobalPopup.swift */ = {isa = PBXFileReference; lastKnownFileType = sourcecode.swift; path = GlobalPopup.swift; sourceTree = "<group>"; };
		CE481B0F2A0A946200F59619 /* GlobalSlider.swift */ = {isa = PBXFileReference; lastKnownFileType = sourcecode.swift; path = GlobalSlider.swift; sourceTree = "<group>"; };
		CE6B660C2979A97700F600F7 /* HomeScreen.swift */ = {isa = PBXFileReference; lastKnownFileType = sourcecode.swift; path = HomeScreen.swift; sourceTree = "<group>"; };
		CE6B66122979B52C00F600F7 /* AroundLocationScreen.swift */ = {isa = PBXFileReference; lastKnownFileType = sourcecode.swift; path = AroundLocationScreen.swift; sourceTree = "<group>"; };
		CE6B66142979B55500F600F7 /* MoreScreen.swift */ = {isa = PBXFileReference; lastKnownFileType = sourcecode.swift; path = MoreScreen.swift; sourceTree = "<group>"; };
		CE6B66162979B56800F600F7 /* PartnersScreen.swift */ = {isa = PBXFileReference; lastKnownFileType = sourcecode.swift; path = PartnersScreen.swift; sourceTree = "<group>"; };
		CE725DB62982A1B10088AC04 /* DealerFilterScreen.swift */ = {isa = PBXFileReference; lastKnownFileType = sourcecode.swift; path = DealerFilterScreen.swift; sourceTree = "<group>"; };
		CE725DB82982A3B30088AC04 /* BottomSheetController.swift */ = {isa = PBXFileReference; lastKnownFileType = sourcecode.swift; path = BottomSheetController.swift; sourceTree = "<group>"; };
		CE72DD0129F6AF4E005F118E /* AppButton.swift */ = {isa = PBXFileReference; lastKnownFileType = sourcecode.swift; path = AppButton.swift; sourceTree = "<group>"; };
		CE72DD0329F7E734005F118E /* SizePreferenceKey.swift */ = {isa = PBXFileReference; lastKnownFileType = sourcecode.swift; path = SizePreferenceKey.swift; sourceTree = "<group>"; };
		CE72DD0529F8370F005F118E /* EmailController.swift */ = {isa = PBXFileReference; lastKnownFileType = sourcecode.swift; path = EmailController.swift; sourceTree = "<group>"; };
		CE72DD0729F92E94005F118E /* CheckboxStyle.swift */ = {isa = PBXFileReference; lastKnownFileType = sourcecode.swift; path = CheckboxStyle.swift; sourceTree = "<group>"; };
		CE72DD0929F937BC005F118E /* HistoricSearchList.swift */ = {isa = PBXFileReference; lastKnownFileType = sourcecode.swift; path = HistoricSearchList.swift; sourceTree = "<group>"; };
		CE72DD0B29F93FA2005F118E /* FilterViewModel.swift */ = {isa = PBXFileReference; lastKnownFileType = sourcecode.swift; path = FilterViewModel.swift; sourceTree = "<group>"; };
		CE72DD1029FAD05E005F118E /* SplashScreenViewModel.swift */ = {isa = PBXFileReference; lastKnownFileType = sourcecode.swift; path = SplashScreenViewModel.swift; sourceTree = "<group>"; };
		CE72DD1229FC2029005F118E /* RadioGroup.swift */ = {isa = PBXFileReference; lastKnownFileType = sourcecode.swift; path = RadioGroup.swift; sourceTree = "<group>"; };
		CE72DD1429FC48D7005F118E /* AppTextField.swift */ = {isa = PBXFileReference; lastKnownFileType = sourcecode.swift; path = AppTextField.swift; sourceTree = "<group>"; };
		CE72DD1629FF2003005F118E /* MaterialTextField.swift */ = {isa = PBXFileReference; lastKnownFileType = sourcecode.swift; path = MaterialTextField.swift; sourceTree = "<group>"; };
		CE72DD1829FF220F005F118E /* EventFilterScreen.swift */ = {isa = PBXFileReference; lastKnownFileType = sourcecode.swift; path = EventFilterScreen.swift; sourceTree = "<group>"; };
		CE72DD1A29FF226A005F118E /* EventFilterViewModel.swift */ = {isa = PBXFileReference; lastKnownFileType = sourcecode.swift; path = EventFilterViewModel.swift; sourceTree = "<group>"; };
		CE72DD202A0139D6005F118E /* MylocationMap.swift */ = {isa = PBXFileReference; lastKnownFileType = sourcecode.swift; path = MylocationMap.swift; sourceTree = "<group>"; };
		CE72DD222A027F2F005F118E /* LocationInitializer.swift */ = {isa = PBXFileReference; lastKnownFileType = sourcecode.swift; path = LocationInitializer.swift; sourceTree = "<group>"; };
		CE72DD242A02E3AB005F118E /* NetworkMonitor.swift */ = {isa = PBXFileReference; lastKnownFileType = sourcecode.swift; path = NetworkMonitor.swift; sourceTree = "<group>"; };
		CE7818C72912D600009C4032 /* MainMapViewModel.swift */ = {isa = PBXFileReference; lastKnownFileType = sourcecode.swift; path = MainMapViewModel.swift; sourceTree = "<group>"; };
		CE7818C92912D61C009C4032 /* MainMapScreen.swift */ = {isa = PBXFileReference; lastKnownFileType = sourcecode.swift; path = MainMapScreen.swift; sourceTree = "<group>"; };
		CEDCEA282A1579C9001F89F6 /* LoadingBox.swift */ = {isa = PBXFileReference; lastKnownFileType = sourcecode.swift; path = LoadingBox.swift; sourceTree = "<group>"; };
		CEDCEA2A2A1822EF001F89F6 /* CheckBoxAppStyle.swift */ = {isa = PBXFileReference; lastKnownFileType = sourcecode.swift; path = CheckBoxAppStyle.swift; sourceTree = "<group>"; };
		CEDCEA2C2A18277F001F89F6 /* FilterButtonStyle.swift */ = {isa = PBXFileReference; lastKnownFileType = sourcecode.swift; path = FilterButtonStyle.swift; sourceTree = "<group>"; };
		CEE0920829E8674000E44D02 /* CheckListsViewModel.swift */ = {isa = PBXFileReference; lastKnownFileType = sourcecode.swift; path = CheckListsViewModel.swift; sourceTree = "<group>"; };
		CEE0920A29E86C7300E44D02 /* CheckListScreen.swift */ = {isa = PBXFileReference; lastKnownFileType = sourcecode.swift; path = CheckListScreen.swift; sourceTree = "<group>"; };
		CEE0920C29E8711000E44D02 /* MyLocationMapScreen.swift */ = {isa = PBXFileReference; lastKnownFileType = sourcecode.swift; path = MyLocationMapScreen.swift; sourceTree = "<group>"; };
		CEE0920E29E8717E00E44D02 /* AppSettingScreen.swift */ = {isa = PBXFileReference; lastKnownFileType = sourcecode.swift; path = AppSettingScreen.swift; sourceTree = "<group>"; };
		CEE0921029E8720400E44D02 /* PartnersDetailsScreen.swift */ = {isa = PBXFileReference; lastKnownFileType = sourcecode.swift; path = PartnersDetailsScreen.swift; sourceTree = "<group>"; };
		CEE0921329E8722400E44D02 /* DealerDetailsScreen.swift */ = {isa = PBXFileReference; lastKnownFileType = sourcecode.swift; path = DealerDetailsScreen.swift; sourceTree = "<group>"; };
		CEE0921629E8725200E44D02 /* EventDetailsScreen.swift */ = {isa = PBXFileReference; lastKnownFileType = sourcecode.swift; path = EventDetailsScreen.swift; sourceTree = "<group>"; };
		CEE0921829E8946000E44D02 /* MyLocationMapViewModel.swift */ = {isa = PBXFileReference; lastKnownFileType = sourcecode.swift; path = MyLocationMapViewModel.swift; sourceTree = "<group>"; };
		CEE0921A29E96AFB00E44D02 /* PartnersViewModel.swift */ = {isa = PBXFileReference; lastKnownFileType = sourcecode.swift; path = PartnersViewModel.swift; sourceTree = "<group>"; };
		CEE0921C29E96C1700E44D02 /* CheckListDetailsViewModel.swift */ = {isa = PBXFileReference; lastKnownFileType = sourcecode.swift; path = CheckListDetailsViewModel.swift; sourceTree = "<group>"; };
		CEE0921E29E96C5600E44D02 /* CheckListDetailsScreen.swift */ = {isa = PBXFileReference; lastKnownFileType = sourcecode.swift; path = CheckListDetailsScreen.swift; sourceTree = "<group>"; };
		CEE0922029E9704200E44D02 /* AroundLocationViewModel.swift */ = {isa = PBXFileReference; lastKnownFileType = sourcecode.swift; path = AroundLocationViewModel.swift; sourceTree = "<group>"; };
		CEE0922329E9AFA300E44D02 /* Strings.swift */ = {isa = PBXFileReference; lastKnownFileType = sourcecode.swift; path = Strings.swift; sourceTree = "<group>"; };
		CEE0922829E9B08400E44D02 /* en */ = {isa = PBXFileReference; lastKnownFileType = text.plist.strings; name = en; path = en.lproj/Localizable.strings; sourceTree = "<group>"; };
		CEE0922A29E9B18F00E44D02 /* nl */ = {isa = PBXFileReference; lastKnownFileType = text.plist.strings; name = nl; path = nl.lproj/Localizable.strings; sourceTree = "<group>"; };
		CEE0922B29E9B19900E44D02 /* fr */ = {isa = PBXFileReference; lastKnownFileType = text.plist.strings; name = fr; path = fr.lproj/Localizable.strings; sourceTree = "<group>"; };
		CEE0922C29E9B1A000E44D02 /* de */ = {isa = PBXFileReference; lastKnownFileType = text.plist.strings; name = de; path = de.lproj/Localizable.strings; sourceTree = "<group>"; };
		CEE0922D29E9B1AD00E44D02 /* es */ = {isa = PBXFileReference; lastKnownFileType = text.plist.strings; name = es; path = es.lproj/Localizable.strings; sourceTree = "<group>"; };
		CEE0922E29E9B1BF00E44D02 /* it */ = {isa = PBXFileReference; lastKnownFileType = text.plist.strings; name = it; path = it.lproj/Localizable.strings; sourceTree = "<group>"; };
		CEE0923229E9C5D300E44D02 /* Extension.swift */ = {isa = PBXFileReference; lastKnownFileType = sourcecode.swift; path = Extension.swift; sourceTree = "<group>"; };
		CEE0923429EB2D9700E44D02 /* UrlImage.swift */ = {isa = PBXFileReference; lastKnownFileType = sourcecode.swift; path = UrlImage.swift; sourceTree = "<group>"; };
		CEE0923629EC1DF300E44D02 /* MainMap.swift */ = {isa = PBXFileReference; lastKnownFileType = sourcecode.swift; path = MainMap.swift; sourceTree = "<group>"; };
		CEE0923829EC247300E44D02 /* MapSettings.swift */ = {isa = PBXFileReference; lastKnownFileType = sourcecode.swift; path = MapSettings.swift; sourceTree = "<group>"; };
		CEE0923A29EDA52100E44D02 /* MarkerAnnotation.swift */ = {isa = PBXFileReference; lastKnownFileType = sourcecode.swift; path = MarkerAnnotation.swift; sourceTree = "<group>"; };
		CEE0924029F1543B00E44D02 /* Dropdown.swift */ = {isa = PBXFileReference; lastKnownFileType = sourcecode.swift; path = Dropdown.swift; sourceTree = "<group>"; };
/* End PBXFileReference section */

/* Begin PBXFrameworksBuildPhase section */
		869CCA95EB2395A6C0C4D414 /* Frameworks */ = {
			isa = PBXFrameworksBuildPhase;
			buildActionMask = 2147483647;
			files = (
				7591232B454109175C2646DC /* Pods_iosApp.framework in Frameworks */,
			);
			runOnlyForDeploymentPostprocessing = 0;
		};
/* End PBXFrameworksBuildPhase section */

/* Begin PBXGroup section */
		058557D7273AAEEB004C7B11 /* Preview Content */ = {
			isa = PBXGroup;
			children = (
				058557D8273AAEEB004C7B11 /* Preview Assets.xcassets */,
			);
			path = "Preview Content";
			sourceTree = "<group>";
		};
		377E94F5FC2B40F2AE87FD19 /* Frameworks */ = {
			isa = PBXGroup;
			children = (
				C2C3D1E238EE0D2466176D0E /* Pods_iosApp.framework */,
			);
			name = Frameworks;
			sourceTree = "<group>";
		};
		6C50DB9E6AFDC85B16DFEC26 /* Pods */ = {
			isa = PBXGroup;
			children = (
				AEDEA92E7BA4EFE38251C119 /* Pods-iosApp.debug.xcconfig */,
				5B63BD1645D74A946EFAF53D /* Pods-iosApp.release.xcconfig */,
			);
			path = Pods;
			sourceTree = "<group>";
		};
		7555FF72242A565900829871 = {
			isa = PBXGroup;
			children = (
				7555FF7D242A565900829871 /* iosApp */,
				7555FF7C242A565900829871 /* Products */,
				6C50DB9E6AFDC85B16DFEC26 /* Pods */,
				377E94F5FC2B40F2AE87FD19 /* Frameworks */,
			);
			sourceTree = "<group>";
		};
		7555FF7C242A565900829871 /* Products */ = {
			isa = PBXGroup;
			children = (
				7555FF7B242A565900829871 /* camperpro.app */,
			);
			name = Products;
			sourceTree = "<group>";
		};
		7555FF7D242A565900829871 /* iosApp */ = {
			isa = PBXGroup;
			children = (
				CE0647E32A1E4769002B306F /* Navigation */,
				CEDCEA172A152414001F89F6 /* Fonts */,
				CEE0922F29E9C4FD00E44D02 /* Tools */,
				CEE0922229E9AF8600E44D02 /* Localiazble */,
				CEE0921529E8723A00E44D02 /* Events */,
				CEE0921229E8720E00E44D02 /* Dealers */,
				CEE0920729E8671E00E44D02 /* app_settings */,
				CEE0920629E866FB00E44D02 /* checklists */,
				CEE0920529E866E200E44D02 /* myLocationMap */,
				CE725DB52982A1970088AC04 /* filter */,
				CE6B66112979B4C200F600F7 /* around_location */,
				CE6B66102979B49700F600F7 /* more */,
				CE6B660E2979B45D00F600F7 /* partners */,
				CE7818C62912D5E7009C4032 /* main_map */,
				058557BA273AAA24004C7B11 /* Assets.xcassets */,
				7555FF8C242A565B00829871 /* Info.plist */,
				2152FB032600AC8F00CF470E /* iOSApp.swift */,
				058557D7273AAEEB004C7B11 /* Preview Content */,
			);
			path = iosApp;
			sourceTree = "<group>";
		};
		CE0647E32A1E4769002B306F /* Navigation */ = {
			isa = PBXGroup;
			children = (
				CE0647E42A1E47DC002B306F /* BottomNavTab.swift */,
				CE0647E62A1E486D002B306F /* NavigationViewState.swift */,
				CE0647E82A1E4DA8002B306F /* BottomNavContainer.swift */,
				CE0647EA2A1E4DC7002B306F /* CustomTabView.swift */,
				CE0647EC2A1E4E94002B306F /* BottomNavTabItem.swift */,
				CE0647F22A1E5110002B306F /* BottomNavModifier.swift */,
			);
			path = Navigation;
			sourceTree = "<group>";
		};
		CE317D942A21546300BC018B /* MapScrollView */ = {
			isa = PBXGroup;
			children = (
				CE317D952A21547400BC018B /* MapDealersScrollView.swift */,
				CE317DC82A22660800BC018B /* MapUiScrollView.swift */,
				CE317DCA2A227B4200BC018B /* MapEventsScrollView.swift */,
			);
			path = MapScrollView;
			sourceTree = "<group>";
		};
		CE317DAE2A21690A00BC018B /* ScrollTest */ = {
			isa = PBXGroup;
			children = (
				CE317DAF2A21693000BC018B /* ScrollTest.swift */,
				CE317DC62A2216C200BC018B /* UiScrollViewTest.swift */,
			);
			path = ScrollTest;
			sourceTree = "<group>";
		};
		CE6B660E2979B45D00F600F7 /* partners */ = {
			isa = PBXGroup;
			children = (
				CE6B66162979B56800F600F7 /* PartnersScreen.swift */,
				CEE0921029E8720400E44D02 /* PartnersDetailsScreen.swift */,
				CEE0921A29E96AFB00E44D02 /* PartnersViewModel.swift */,
			);
			path = partners;
			sourceTree = "<group>";
		};
		CE6B66102979B49700F600F7 /* more */ = {
			isa = PBXGroup;
			children = (
				CE6B66142979B55500F600F7 /* MoreScreen.swift */,
			);
			path = more;
			sourceTree = "<group>";
		};
		CE6B66112979B4C200F600F7 /* around_location */ = {
			isa = PBXGroup;
			children = (
				CE6B66122979B52C00F600F7 /* AroundLocationScreen.swift */,
				CEE0922029E9704200E44D02 /* AroundLocationViewModel.swift */,
			);
			path = around_location;
			sourceTree = "<group>";
		};
		CE725DB52982A1970088AC04 /* filter */ = {
			isa = PBXGroup;
			children = (
				CE725DB62982A1B10088AC04 /* DealerFilterScreen.swift */,
				CE725DB82982A3B30088AC04 /* BottomSheetController.swift */,
				CE72DD0B29F93FA2005F118E /* FilterViewModel.swift */,
				CE72DD1829FF220F005F118E /* EventFilterScreen.swift */,
				CE72DD1A29FF226A005F118E /* EventFilterViewModel.swift */,
				CE481B0A2A0A6E6200F59619 /* SortingSheet.swift */,
			);
			path = filter;
			sourceTree = "<group>";
		};
		CE7818C62912D5E7009C4032 /* main_map */ = {
			isa = PBXGroup;
			children = (
				CEE0923629EC1DF300E44D02 /* MainMap.swift */,
				CE72DD1029FAD05E005F118E /* SplashScreenViewModel.swift */,
				CE7818C72912D600009C4032 /* MainMapViewModel.swift */,
				CE7818C92912D61C009C4032 /* MainMapScreen.swift */,
				CE6B660C2979A97700F600F7 /* HomeScreen.swift */,
				CE451CE1297AD2A3004761B2 /* BottomSheetViewModel.swift */,
				CE0647F82A1E766A002B306F /* AppState.swift */,
				CE317D922A210DDD00BC018B /* CustomScrollViewTest.swift */,
			);
			path = main_map;
			sourceTree = "<group>";
		};
		CEDCEA172A152414001F89F6 /* Fonts */ = {
			isa = PBXGroup;
			children = (
			);
			path = Fonts;
			sourceTree = "<group>";
		};
		CEE0920529E866E200E44D02 /* myLocationMap */ = {
			isa = PBXGroup;
			children = (
				CEE0920C29E8711000E44D02 /* MyLocationMapScreen.swift */,
				CEE0921829E8946000E44D02 /* MyLocationMapViewModel.swift */,
				CE72DD202A0139D6005F118E /* MylocationMap.swift */,
			);
			path = myLocationMap;
			sourceTree = "<group>";
		};
		CEE0920629E866FB00E44D02 /* checklists */ = {
			isa = PBXGroup;
			children = (
				CEE0920829E8674000E44D02 /* CheckListsViewModel.swift */,
				CEE0920A29E86C7300E44D02 /* CheckListScreen.swift */,
				CEE0921C29E96C1700E44D02 /* CheckListDetailsViewModel.swift */,
				CEE0921E29E96C5600E44D02 /* CheckListDetailsScreen.swift */,
			);
			path = checklists;
			sourceTree = "<group>";
		};
		CEE0920729E8671E00E44D02 /* app_settings */ = {
			isa = PBXGroup;
			children = (
				CEE0920E29E8717E00E44D02 /* AppSettingScreen.swift */,
			);
			path = app_settings;
			sourceTree = "<group>";
		};
		CEE0921229E8720E00E44D02 /* Dealers */ = {
			isa = PBXGroup;
			children = (
				CEE0921329E8722400E44D02 /* DealerDetailsScreen.swift */,
			);
			path = Dealers;
			sourceTree = "<group>";
		};
		CEE0921529E8723A00E44D02 /* Events */ = {
			isa = PBXGroup;
			children = (
				CEE0921629E8725200E44D02 /* EventDetailsScreen.swift */,
			);
			path = Events;
			sourceTree = "<group>";
		};
		CEE0922229E9AF8600E44D02 /* Localiazble */ = {
			isa = PBXGroup;
			children = (
				CEE0922329E9AFA300E44D02 /* Strings.swift */,
				CEE0922929E9B08400E44D02 /* Localizable.strings */,
			);
			path = Localiazble;
			sourceTree = "<group>";
		};
		CEE0922F29E9C4FD00E44D02 /* Tools */ = {
			isa = PBXGroup;
			children = (
				CE317D942A21546300BC018B /* MapScrollView */,
				CE317DAE2A21690A00BC018B /* ScrollTest */,
				CEE0923229E9C5D300E44D02 /* Extension.swift */,
				CEE0923429EB2D9700E44D02 /* UrlImage.swift */,
				CEE0923829EC247300E44D02 /* MapSettings.swift */,
				CEE0923A29EDA52100E44D02 /* MarkerAnnotation.swift */,
				CEE0924029F1543B00E44D02 /* Dropdown.swift */,
				CE72DD0129F6AF4E005F118E /* AppButton.swift */,
				CE72DD0329F7E734005F118E /* SizePreferenceKey.swift */,
				CE72DD0529F8370F005F118E /* EmailController.swift */,
				CE72DD0729F92E94005F118E /* CheckboxStyle.swift */,
				CE72DD0929F937BC005F118E /* HistoricSearchList.swift */,
				CE72DD1229FC2029005F118E /* RadioGroup.swift */,
				CE72DD1429FC48D7005F118E /* AppTextField.swift */,
				CE72DD1629FF2003005F118E /* MaterialTextField.swift */,
				CE72DD222A027F2F005F118E /* LocationInitializer.swift */,
				CE72DD242A02E3AB005F118E /* NetworkMonitor.swift */,
				CE481B062A07EA9200F59619 /* ImageCarousel.swift */,
				CE481B082A080F9C00F59619 /* TabViewAccessor.swift */,
				CE481B0D2A0A8D5800F59619 /* GlobalPopup.swift */,
				CE481B0F2A0A946200F59619 /* GlobalSlider.swift */,
				CEDCEA282A1579C9001F89F6 /* LoadingBox.swift */,
				CEDCEA2A2A1822EF001F89F6 /* CheckBoxAppStyle.swift */,
				CEDCEA2C2A18277F001F89F6 /* FilterButtonStyle.swift */,
				CE317CC52A1F8FDF00BC018B /* ScrollViewOffsetReader.swift */,
			);
			path = Tools;
			sourceTree = "<group>";
		};
/* End PBXGroup section */

/* Begin PBXNativeTarget section */
		7555FF7A242A565900829871 /* iosApp */ = {
			isa = PBXNativeTarget;
			buildConfigurationList = 7555FFA5242A565B00829871 /* Build configuration list for PBXNativeTarget "iosApp" */;
			buildPhases = (
				29B5C93E77121A161C5165AF /* [CP] Check Pods Manifest.lock */,
				7555FF77242A565900829871 /* Sources */,
				7555FF79242A565900829871 /* Resources */,
				869CCA95EB2395A6C0C4D414 /* Frameworks */,
				84EA886CE4AAC538AB102FBD /* [CP] Embed Pods Frameworks */,
			);
			buildRules = (
			);
			dependencies = (
			);
			name = iosApp;
			productName = iosApp;
			productReference = 7555FF7B242A565900829871 /* camperpro.app */;
			productType = "com.apple.product-type.application";
		};
/* End PBXNativeTarget section */

/* Begin PBXProject section */
		7555FF73242A565900829871 /* Project object */ = {
			isa = PBXProject;
			attributes = {
				LastSwiftUpdateCheck = 1130;
				LastUpgradeCheck = 1130;
				ORGANIZATIONNAME = orgName;
				TargetAttributes = {
					7555FF7A242A565900829871 = {
						CreatedOnToolsVersion = 11.3.1;
					};
				};
			};
			buildConfigurationList = 7555FF76242A565900829871 /* Build configuration list for PBXProject "iosApp" */;
			compatibilityVersion = "Xcode 9.3";
			developmentRegion = en;
			hasScannedForEncodings = 0;
			knownRegions = (
				en,
				Base,
				nl,
				fr,
				de,
				es,
				it,
			);
			mainGroup = 7555FF72242A565900829871;
			productRefGroup = 7555FF7C242A565900829871 /* Products */;
			projectDirPath = "";
			projectRoot = "";
			targets = (
				7555FF7A242A565900829871 /* iosApp */,
			);
		};
/* End PBXProject section */

/* Begin PBXResourcesBuildPhase section */
		7555FF79242A565900829871 /* Resources */ = {
			isa = PBXResourcesBuildPhase;
			buildActionMask = 2147483647;
			files = (
				058557D9273AAEEB004C7B11 /* Preview Assets.xcassets in Resources */,
				CEE0922729E9B08400E44D02 /* Localizable.strings in Resources */,
				058557BB273AAA24004C7B11 /* Assets.xcassets in Resources */,
			);
			runOnlyForDeploymentPostprocessing = 0;
		};
/* End PBXResourcesBuildPhase section */

/* Begin PBXShellScriptBuildPhase section */
		29B5C93E77121A161C5165AF /* [CP] Check Pods Manifest.lock */ = {
			isa = PBXShellScriptBuildPhase;
			buildActionMask = 2147483647;
			files = (
			);
			inputFileListPaths = (
			);
			inputPaths = (
				"${PODS_PODFILE_DIR_PATH}/Podfile.lock",
				"${PODS_ROOT}/Manifest.lock",
			);
			name = "[CP] Check Pods Manifest.lock";
			outputFileListPaths = (
			);
			outputPaths = (
				"$(DERIVED_FILE_DIR)/Pods-iosApp-checkManifestLockResult.txt",
			);
			runOnlyForDeploymentPostprocessing = 0;
			shellPath = /bin/sh;
			shellScript = "diff \"${PODS_PODFILE_DIR_PATH}/Podfile.lock\" \"${PODS_ROOT}/Manifest.lock\" > /dev/null\nif [ $? != 0 ] ; then\n    # print error to STDERR\n    echo \"error: The sandbox is not in sync with the Podfile.lock. Run 'pod install' or update your CocoaPods installation.\" >&2\n    exit 1\nfi\n# This output is used by Xcode 'outputs' to avoid re-running this script phase.\necho \"SUCCESS\" > \"${SCRIPT_OUTPUT_FILE_0}\"\n";
			showEnvVarsInLog = 0;
		};
		84EA886CE4AAC538AB102FBD /* [CP] Embed Pods Frameworks */ = {
			isa = PBXShellScriptBuildPhase;
			buildActionMask = 2147483647;
			files = (
			);
			inputFileListPaths = (
				"${PODS_ROOT}/Target Support Files/Pods-iosApp/Pods-iosApp-frameworks-${CONFIGURATION}-input-files.xcfilelist",
			);
			name = "[CP] Embed Pods Frameworks";
			outputFileListPaths = (
				"${PODS_ROOT}/Target Support Files/Pods-iosApp/Pods-iosApp-frameworks-${CONFIGURATION}-output-files.xcfilelist",
			);
			runOnlyForDeploymentPostprocessing = 0;
			shellPath = /bin/sh;
			shellScript = "\"${PODS_ROOT}/Target Support Files/Pods-iosApp/Pods-iosApp-frameworks.sh\"\n";
			showEnvVarsInLog = 0;
		};
/* End PBXShellScriptBuildPhase section */

/* Begin PBXSourcesBuildPhase section */
		7555FF77242A565900829871 /* Sources */ = {
			isa = PBXSourcesBuildPhase;
			buildActionMask = 2147483647;
			files = (
				CE72DD232A027F2F005F118E /* LocationInitializer.swift in Sources */,
				CEE0920D29E8711000E44D02 /* MyLocationMapScreen.swift in Sources */,
				CE317DB02A21693000BC018B /* ScrollTest.swift in Sources */,
				2152FB042600AC8F00CF470E /* iOSApp.swift in Sources */,
				CE72DD0C29F93FA2005F118E /* FilterViewModel.swift in Sources */,
				CEE0920929E8674000E44D02 /* CheckListsViewModel.swift in Sources */,
				CEE0921429E8722400E44D02 /* DealerDetailsScreen.swift in Sources */,
				CEE0921D29E96C1700E44D02 /* CheckListDetailsViewModel.swift in Sources */,
				CE0647F32A1E5110002B306F /* BottomNavModifier.swift in Sources */,
				CE317DC92A22660800BC018B /* MapUiScrollView.swift in Sources */,
				CE451CE2297AD2A3004761B2 /* BottomSheetViewModel.swift in Sources */,
				CEE0920B29E86C7300E44D02 /* CheckListScreen.swift in Sources */,
				CEE0921129E8720400E44D02 /* PartnersDetailsScreen.swift in Sources */,
				CE72DD1B29FF226A005F118E /* EventFilterViewModel.swift in Sources */,
				CEDCEA2D2A18277F001F89F6 /* FilterButtonStyle.swift in Sources */,
				CEE0921929E8946000E44D02 /* MyLocationMapViewModel.swift in Sources */,
				CE72DD212A0139D6005F118E /* MylocationMap.swift in Sources */,
				CE72DD0A29F937BC005F118E /* HistoricSearchList.swift in Sources */,
				CE0647E92A1E4DA8002B306F /* BottomNavContainer.swift in Sources */,
				CE72DD1129FAD05E005F118E /* SplashScreenViewModel.swift in Sources */,
				CE481B072A07EA9200F59619 /* ImageCarousel.swift in Sources */,
				CEE0923529EB2D9700E44D02 /* UrlImage.swift in Sources */,
				CEE0921F29E96C5600E44D02 /* CheckListDetailsScreen.swift in Sources */,
				CE481B0E2A0A8D5800F59619 /* GlobalPopup.swift in Sources */,
				CE72DD1929FF220F005F118E /* EventFilterScreen.swift in Sources */,
				CE72DD1729FF2003005F118E /* MaterialTextField.swift in Sources */,
				CEE0921729E8725200E44D02 /* EventDetailsScreen.swift in Sources */,
				CE725DB92982A3B30088AC04 /* BottomSheetController.swift in Sources */,
				CE7818CA2912D61C009C4032 /* MainMapScreen.swift in Sources */,
				CEE0923729EC1DF300E44D02 /* MainMap.swift in Sources */,
				CE0647F92A1E766A002B306F /* AppState.swift in Sources */,
				CE317D932A210DDD00BC018B /* CustomScrollViewTest.swift in Sources */,
				CE0647EB2A1E4DC7002B306F /* CustomTabView.swift in Sources */,
				CEE0921B29E96AFB00E44D02 /* PartnersViewModel.swift in Sources */,
				CE6B66172979B56800F600F7 /* PartnersScreen.swift in Sources */,
				CE6B66152979B55500F600F7 /* MoreScreen.swift in Sources */,
				CE6B660D2979A97700F600F7 /* HomeScreen.swift in Sources */,
				CE72DD0229F6AF4E005F118E /* AppButton.swift in Sources */,
				CE72DD1529FC48D7005F118E /* AppTextField.swift in Sources */,
				CE7818C82912D600009C4032 /* MainMapViewModel.swift in Sources */,
				CEE0923329E9C5D300E44D02 /* Extension.swift in Sources */,
				CE481B092A080F9C00F59619 /* TabViewAccessor.swift in Sources */,
				CE72DD1329FC2029005F118E /* RadioGroup.swift in Sources */,
				CE481B0B2A0A6E6200F59619 /* SortingSheet.swift in Sources */,
				CE72DD0629F8370F005F118E /* EmailController.swift in Sources */,
				CE725DB72982A1B10088AC04 /* DealerFilterScreen.swift in Sources */,
				CE72DD252A02E3AB005F118E /* NetworkMonitor.swift in Sources */,
				CE481B102A0A946200F59619 /* GlobalSlider.swift in Sources */,
				CEDCEA2B2A1822EF001F89F6 /* CheckBoxAppStyle.swift in Sources */,
				CE317D962A21547400BC018B /* MapDealersScrollView.swift in Sources */,
				CEE0922429E9AFA300E44D02 /* Strings.swift in Sources */,
				CE317DCB2A227B4200BC018B /* MapEventsScrollView.swift in Sources */,
				CEE0920F29E8717E00E44D02 /* AppSettingScreen.swift in Sources */,
				CEE0923929EC247300E44D02 /* MapSettings.swift in Sources */,
				CE72DD0829F92E94005F118E /* CheckboxStyle.swift in Sources */,
				CEDCEA292A1579C9001F89F6 /* LoadingBox.swift in Sources */,
				CE317DC72A2216C200BC018B /* UiScrollViewTest.swift in Sources */,
				CE72DD0429F7E734005F118E /* SizePreferenceKey.swift in Sources */,
				CE0647E72A1E486D002B306F /* NavigationViewState.swift in Sources */,
				CE0647ED2A1E4E94002B306F /* BottomNavTabItem.swift in Sources */,
				CE6B66132979B52C00F600F7 /* AroundLocationScreen.swift in Sources */,
				CEE0924129F1543B00E44D02 /* Dropdown.swift in Sources */,
				CE317CC62A1F8FDF00BC018B /* ScrollViewOffsetReader.swift in Sources */,
				CE0647E52A1E47DC002B306F /* BottomNavTab.swift in Sources */,
				CEE0923B29EDA52100E44D02 /* MarkerAnnotation.swift in Sources */,
				CEE0922129E9704200E44D02 /* AroundLocationViewModel.swift in Sources */,
			);
			runOnlyForDeploymentPostprocessing = 0;
		};
/* End PBXSourcesBuildPhase section */

/* Begin PBXVariantGroup section */
		CEE0922929E9B08400E44D02 /* Localizable.strings */ = {
			isa = PBXVariantGroup;
			children = (
				CEE0922829E9B08400E44D02 /* en */,
				CEE0922A29E9B18F00E44D02 /* nl */,
				CEE0922B29E9B19900E44D02 /* fr */,
				CEE0922C29E9B1A000E44D02 /* de */,
				CEE0922D29E9B1AD00E44D02 /* es */,
				CEE0922E29E9B1BF00E44D02 /* it */,
			);
			name = Localizable.strings;
			sourceTree = "<group>";
		};
/* End PBXVariantGroup section */

/* Begin XCBuildConfiguration section */
		7555FFA3242A565B00829871 /* Debug */ = {
			isa = XCBuildConfiguration;
			buildSettings = {
				ALWAYS_SEARCH_USER_PATHS = NO;
				CLANG_ANALYZER_LOCALIZABILITY_NONLOCALIZED = YES;
				CLANG_ANALYZER_NONNULL = YES;
				CLANG_ANALYZER_NUMBER_OBJECT_CONVERSION = YES_AGGRESSIVE;
				CLANG_CXX_LANGUAGE_STANDARD = "gnu++14";
				CLANG_CXX_LIBRARY = "libc++";
				CLANG_ENABLE_MODULES = YES;
				CLANG_ENABLE_OBJC_ARC = YES;
				CLANG_ENABLE_OBJC_WEAK = YES;
				CLANG_WARN_BLOCK_CAPTURE_AUTORELEASING = YES;
				CLANG_WARN_BOOL_CONVERSION = YES;
				CLANG_WARN_COMMA = YES;
				CLANG_WARN_CONSTANT_CONVERSION = YES;
				CLANG_WARN_DEPRECATED_OBJC_IMPLEMENTATIONS = YES;
				CLANG_WARN_DIRECT_OBJC_ISA_USAGE = YES_ERROR;
				CLANG_WARN_DOCUMENTATION_COMMENTS = YES;
				CLANG_WARN_EMPTY_BODY = YES;
				CLANG_WARN_ENUM_CONVERSION = YES;
				CLANG_WARN_INFINITE_RECURSION = YES;
				CLANG_WARN_INT_CONVERSION = YES;
				CLANG_WARN_NON_LITERAL_NULL_CONVERSION = YES;
				CLANG_WARN_OBJC_IMPLICIT_RETAIN_SELF = YES;
				CLANG_WARN_OBJC_LITERAL_CONVERSION = YES;
				CLANG_WARN_OBJC_ROOT_CLASS = YES_ERROR;
				CLANG_WARN_QUOTED_INCLUDE_IN_FRAMEWORK_HEADER = YES;
				CLANG_WARN_RANGE_LOOP_ANALYSIS = YES;
				CLANG_WARN_STRICT_PROTOTYPES = YES;
				CLANG_WARN_SUSPICIOUS_MOVE = YES;
				CLANG_WARN_UNGUARDED_AVAILABILITY = YES_AGGRESSIVE;
				CLANG_WARN_UNREACHABLE_CODE = YES;
				CLANG_WARN__DUPLICATE_METHOD_MATCH = YES;
				COPY_PHASE_STRIP = NO;
				DEBUG_INFORMATION_FORMAT = "dwarf-with-dsym";
				ENABLE_STRICT_OBJC_MSGSEND = YES;
				ENABLE_TESTABILITY = YES;
				GCC_C_LANGUAGE_STANDARD = gnu11;
				GCC_DYNAMIC_NO_PIC = NO;
				GCC_NO_COMMON_BLOCKS = YES;
				GCC_OPTIMIZATION_LEVEL = 0;
				GCC_PREPROCESSOR_DEFINITIONS = (
					"DEBUG=1",
					"$(inherited)",
				);
				GCC_WARN_64_TO_32_BIT_CONVERSION = YES;
				GCC_WARN_ABOUT_RETURN_TYPE = YES_ERROR;
				GCC_WARN_UNDECLARED_SELECTOR = YES;
				GCC_WARN_UNINITIALIZED_AUTOS = YES_AGGRESSIVE;
				GCC_WARN_UNUSED_FUNCTION = YES;
				GCC_WARN_UNUSED_VARIABLE = YES;
				IPHONEOS_DEPLOYMENT_TARGET = 14.2;
				MTL_ENABLE_DEBUG_INFO = INCLUDE_SOURCE;
				MTL_FAST_MATH = YES;
				ONLY_ACTIVE_ARCH = NO;
				SDKROOT = iphoneos;
				SWIFT_ACTIVE_COMPILATION_CONDITIONS = DEBUG;
				SWIFT_OPTIMIZATION_LEVEL = "-Onone";
			};
			name = Debug;
		};
		7555FFA4242A565B00829871 /* Release */ = {
			isa = XCBuildConfiguration;
			buildSettings = {
				ALWAYS_SEARCH_USER_PATHS = NO;
				CLANG_ANALYZER_LOCALIZABILITY_NONLOCALIZED = YES;
				CLANG_ANALYZER_NONNULL = YES;
				CLANG_ANALYZER_NUMBER_OBJECT_CONVERSION = YES_AGGRESSIVE;
				CLANG_CXX_LANGUAGE_STANDARD = "gnu++14";
				CLANG_CXX_LIBRARY = "libc++";
				CLANG_ENABLE_MODULES = YES;
				CLANG_ENABLE_OBJC_ARC = YES;
				CLANG_ENABLE_OBJC_WEAK = YES;
				CLANG_WARN_BLOCK_CAPTURE_AUTORELEASING = YES;
				CLANG_WARN_BOOL_CONVERSION = YES;
				CLANG_WARN_COMMA = YES;
				CLANG_WARN_CONSTANT_CONVERSION = YES;
				CLANG_WARN_DEPRECATED_OBJC_IMPLEMENTATIONS = YES;
				CLANG_WARN_DIRECT_OBJC_ISA_USAGE = YES_ERROR;
				CLANG_WARN_DOCUMENTATION_COMMENTS = YES;
				CLANG_WARN_EMPTY_BODY = YES;
				CLANG_WARN_ENUM_CONVERSION = YES;
				CLANG_WARN_INFINITE_RECURSION = YES;
				CLANG_WARN_INT_CONVERSION = YES;
				CLANG_WARN_NON_LITERAL_NULL_CONVERSION = YES;
				CLANG_WARN_OBJC_IMPLICIT_RETAIN_SELF = YES;
				CLANG_WARN_OBJC_LITERAL_CONVERSION = YES;
				CLANG_WARN_OBJC_ROOT_CLASS = YES_ERROR;
				CLANG_WARN_QUOTED_INCLUDE_IN_FRAMEWORK_HEADER = YES;
				CLANG_WARN_RANGE_LOOP_ANALYSIS = YES;
				CLANG_WARN_STRICT_PROTOTYPES = YES;
				CLANG_WARN_SUSPICIOUS_MOVE = YES;
				CLANG_WARN_UNGUARDED_AVAILABILITY = YES_AGGRESSIVE;
				CLANG_WARN_UNREACHABLE_CODE = YES;
				CLANG_WARN__DUPLICATE_METHOD_MATCH = YES;
				COPY_PHASE_STRIP = NO;
				DEBUG_INFORMATION_FORMAT = "dwarf-with-dsym";
				ENABLE_NS_ASSERTIONS = NO;
				ENABLE_STRICT_OBJC_MSGSEND = YES;
				GCC_C_LANGUAGE_STANDARD = gnu11;
				GCC_NO_COMMON_BLOCKS = YES;
				GCC_WARN_64_TO_32_BIT_CONVERSION = YES;
				GCC_WARN_ABOUT_RETURN_TYPE = YES_ERROR;
				GCC_WARN_UNDECLARED_SELECTOR = YES;
				GCC_WARN_UNINITIALIZED_AUTOS = YES_AGGRESSIVE;
				GCC_WARN_UNUSED_FUNCTION = YES;
				GCC_WARN_UNUSED_VARIABLE = YES;
				IPHONEOS_DEPLOYMENT_TARGET = 14.2;
				MTL_ENABLE_DEBUG_INFO = NO;
				MTL_FAST_MATH = YES;
				ONLY_ACTIVE_ARCH = YES;
				SDKROOT = iphoneos;
				SWIFT_COMPILATION_MODE = wholemodule;
				SWIFT_OPTIMIZATION_LEVEL = "-O";
				VALIDATE_PRODUCT = YES;
			};
			name = Release;
		};
		7555FFA6242A565B00829871 /* Debug */ = {
			isa = XCBuildConfiguration;
			baseConfigurationReference = AEDEA92E7BA4EFE38251C119 /* Pods-iosApp.debug.xcconfig */;
			buildSettings = {
				ASSETCATALOG_COMPILER_APPICON_NAME = AppIcon;
				CODE_SIGN_STYLE = Automatic;
				DEVELOPMENT_ASSET_PATHS = "\"iosApp/Preview Content\"";
				DEVELOPMENT_TEAM = SEU363R6Y5;
				ENABLE_PREVIEWS = YES;
				INFOPLIST_FILE = iosApp/Info.plist;
				LD_RUNPATH_SEARCH_PATHS = (
					"$(inherited)",
					"@executable_path/Frameworks",
				);
				OTHER_LDFLAGS = (
					"$(inherited)",
					"-ObjC",
					"-l\"c++\"",
					"-framework",
					"\"shared\"",
					"-lsqlite3",
				);
				PRODUCT_BUNDLE_IDENTIFIER = com.appmobiledition.camperpro.iosApp;
				PRODUCT_NAME = camperpro;
				SWIFT_VERSION = 5.0;
				TARGETED_DEVICE_FAMILY = "1,2";
			};
			name = Debug;
		};
		7555FFA7242A565B00829871 /* Release */ = {
			isa = XCBuildConfiguration;
			baseConfigurationReference = 5B63BD1645D74A946EFAF53D /* Pods-iosApp.release.xcconfig */;
			buildSettings = {
				ASSETCATALOG_COMPILER_APPICON_NAME = AppIcon;
				CODE_SIGN_STYLE = Automatic;
				DEVELOPMENT_ASSET_PATHS = "\"iosApp/Preview Content\"";
				DEVELOPMENT_TEAM = SEU363R6Y5;
				ENABLE_PREVIEWS = YES;
				INFOPLIST_FILE = iosApp/Info.plist;
				LD_RUNPATH_SEARCH_PATHS = (
					"$(inherited)",
					"@executable_path/Frameworks",
				);
				OTHER_LDFLAGS = (
					"$(inherited)",
					"-ObjC",
					"-l\"c++\"",
					"-framework",
					"\"shared\"",
					"-lsqlite3",
				);
				PRODUCT_BUNDLE_IDENTIFIER = com.appmobiledition.camperpro.iosApp;
				PRODUCT_NAME = camperpro;
				SWIFT_VERSION = 5.0;
				TARGETED_DEVICE_FAMILY = "1,2";
			};
			name = Release;
		};
/* End XCBuildConfiguration section */

/* Begin XCConfigurationList section */
		7555FF76242A565900829871 /* Build configuration list for PBXProject "iosApp" */ = {
			isa = XCConfigurationList;
			buildConfigurations = (
				7555FFA3242A565B00829871 /* Debug */,
				7555FFA4242A565B00829871 /* Release */,
			);
			defaultConfigurationIsVisible = 0;
			defaultConfigurationName = Release;
		};
		7555FFA5242A565B00829871 /* Build configuration list for PBXNativeTarget "iosApp" */ = {
			isa = XCConfigurationList;
			buildConfigurations = (
				7555FFA6242A565B00829871 /* Debug */,
				7555FFA7242A565B00829871 /* Release */,
			);
			defaultConfigurationIsVisible = 0;
			defaultConfigurationName = Release;
		};
/* End XCConfigurationList section */
	};
	rootObject = 7555FF73242A565900829871 /* Project object */;
}
